
Microsoft Visual Studio Solution File, Format Version 12.00
# Visual Studio Version 17
VisualStudioVersion = 17.0.31903.59
MinimumVisualStudioVersion = 10.0.40219.1
Project("{FAE04EC0-301F-11D3-BF4B-00C04F79EFBC}") = "CodexBar.Core", "CodexBar.Core\CodexBar.Core.csproj", "{928140A2-ED81-4FE9-B764-F0B2814BC518}"
EndProject
Project("{FAE04EC0-301F-11D3-BF4B-00C04F79EFBC}") = "CodexBar.Tray", "CodexBar.Tray\CodexBar.Tray.csproj", "{D621FC99-A803-451B-AADB-3AF46FAEB5F9}"
EndProject
Project("{FAE04EC0-301F-11D3-BF4B-00C04F79EFBC}") = "CodexBar.WinApp", "CodexBar.WinApp\CodexBar.WinApp.csproj", "{76C0902A-0D2E-4A5E-9881-6D79BBE16262}"
EndProject
Project("{FAE04EC0-301F-11D3-BF4B-00C04F79EFBC}") = "CodexBar.Tests", "CodexBar.Tests\CodexBar.Tests.csproj", "{DDC6F916-290A-4728-B015-E3E2FBFAD5D5}"
EndProject
Global
	GlobalSection(SolutionConfigurationPlatforms) = preSolution
		Debug|Any CPU = Debug|Any CPU
		Debug|x64 = Debug|x64
		Debug|x86 = Debug|x86
		Release|Any CPU = Release|Any CPU
		Release|x64 = Release|x64
		Release|x86 = Release|x86
	EndGlobalSection
	GlobalSection(ProjectConfigurationPlatforms) = postSolution
		{928140A2-ED81-4FE9-B764-F0B2814BC518}.Debug|Any CPU.ActiveCfg = Debug|Any CPU
		{928140A2-ED81-4FE9-B764-F0B2814BC518}.Debug|Any CPU.Build.0 = Debug|Any CPU
		{928140A2-ED81-4FE9-B764-F0B2814BC518}.Debug|x64.ActiveCfg = Debug|Any CPU
		{928140A2-ED81-4FE9-B764-F0B2814BC518}.Debug|x64.Build.0 = Debug|Any CPU
		{928140A2-ED81-4FE9-B764-F0B2814BC518}.Debug|x86.ActiveCfg = Debug|Any CPU
		{928140A2-ED81-4FE9-B764-F0B2814BC518}.Debug|x86.Build.0 = Debug|Any CPU
		{928140A2-ED81-4FE9-B764-F0B2814BC518}.Release|Any CPU.ActiveCfg = Release|Any CPU
		{928140A2-ED81-4FE9-B764-F0B2814BC518}.Release|Any CPU.Build.0 = Release|Any CPU
		{928140A2-ED81-4FE9-B764-F0B2814BC518}.Release|x64.ActiveCfg = Release|Any CPU
		{928140A2-ED81-4FE9-B764-F0B2814BC518}.Release|x64.Build.0 = Release|Any CPU
		{928140A2-ED81-4FE9-B764-F0B2814BC518}.Release|x86.ActiveCfg = Release|Any CPU
		{928140A2-ED81-4FE9-B764-F0B2814BC518}.Release|x86.Build.0 = Release|Any CPU
		{D621FC99-A803-451B-AADB-3AF46FAEB5F9}.Debug|Any CPU.ActiveCfg = Debug|Any CPU
		{D621FC99-A803-451B-AADB-3AF46FAEB5F9}.Debug|Any CPU.Build.0 = Debug|Any CPU
		{D621FC99-A803-451B-AADB-3AF46FAEB5F9}.Debug|x64.ActiveCfg = Debug|Any CPU
		{D621FC99-A803-451B-AADB-3AF46FAEB5F9}.Debug|x64.Build.0 = Debug|Any CPU
		{D621FC99-A803-451B-AADB-3AF46FAEB5F9}.Debug|x86.ActiveCfg = Debug|Any CPU
		{D621FC99-A803-451B-AADB-3AF46FAEB5F9}.Debug|x86.Build.0 = Debug|Any CPU
		{D621FC99-A803-451B-AADB-3AF46FAEB5F9}.Release|Any CPU.ActiveCfg = Release|Any CPU
		{D621FC99-A803-451B-AADB-3AF46FAEB5F9}.Release|Any CPU.Build.0 = Release|Any CPU
		{D621FC99-A803-451B-AADB-3AF46FAEB5F9}.Release|x64.ActiveCfg = Release|Any CPU
		{D621FC99-A803-451B-AADB-3AF46FAEB5F9}.Release|x64.Build.0 = Release|Any CPU
		{D621FC99-A803-451B-AADB-3AF46FAEB5F9}.Release|x86.ActiveCfg = Release|Any CPU
		{D621FC99-A803-451B-AADB-3AF46FAEB5F9}.Release|x86.Build.0 = Release|Any CPU
		{76C0902A-0D2E-4A5E-9881-6D79BBE16262}.Debug|Any CPU.ActiveCfg = Debug|Any CPU
		{76C0902A-0D2E-4A5E-9881-6D79BBE16262}.Debug|Any CPU.Build.0 = Debug|Any CPU
		{76C0902A-0D2E-4A5E-9881-6D79BBE16262}.Debug|x64.ActiveCfg = Debug|Any CPU
		{76C0902A-0D2E-4A5E-9881-6D79BBE16262}.Debug|x64.Build.0 = Debug|Any CPU
		{76C0902A-0D2E-4A5E-9881-6D79BBE16262}.Debug|x86.ActiveCfg = Debug|Any CPU
		{76C0902A-0D2E-4A5E-9881-6D79BBE16262}.Debug|x86.Build.0 = Debug|Any CPU
		{76C0902A-0D2E-4A5E-9881-6D79BBE16262}.Release|Any CPU.ActiveCfg = Release|Any CPU
		{76C0902A-0D2E-4A5E-9881-6D79BBE16262}.Release|Any CPU.Build.0 = Release|Any CPU
		{76C0902A-0D2E-4A5E-9881-6D79BBE16262}.Release|x64.ActiveCfg = Release|Any CPU
		{76C0902A-0D2E-4A5E-9881-6D79BBE16262}.Release|x64.Build.0 = Release|Any CPU
		{76C0902A-0D2E-4A5E-9881-6D79BBE16262}.Release|x86.ActiveCfg = Release|Any CPU
		{76C0902A-0D2E-4A5E-9881-6D79BBE16262}.Release|x86.Build.0 = Release|Any CPU
		{DDC6F916-290A-4728-B015-E3E2FBFAD5D5}.Debug|Any CPU.ActiveCfg = Debug|Any CPU
		{DDC6F916-290A-4728-B015-E3E2FBFAD5D5}.Debug|Any CPU.Build.0 = Debug|Any CPU
		{DDC6F916-290A-4728-B015-E3E2FBFAD5D5}.Debug|x64.ActiveCfg = Debug|Any CPU
		{DDC6F916-290A-4728-B015-E3E2FBFAD5D5}.Debug|x64.Build.0 = Debug|Any CPU
		{DDC6F916-290A-4728-B015-E3E2FBFAD5D5}.Debug|x86.ActiveCfg = Debug|Any CPU
		{DDC6F916-290A-4728-B015-E3E2FBFAD5D5}.Debug|x86.Build.0 = Debug|Any CPU
		{DDC6F916-290A-4728-B015-E3E2FBFAD5D5}.Release|Any CPU.ActiveCfg = Release|Any CPU
		{DDC6F916-290A-4728-B015-E3E2FBFAD5D5}.Release|Any CPU.Build.0 = Release|Any CPU
		{DDC6F916-290A-4728-B015-E3E2FBFAD5D5}.Release|x64.ActiveCfg = Release|Any CPU
		{DDC6F916-290A-4728-B015-E3E2FBFAD5D5}.Release|x64.Build.0 = Release|Any CPU
		{DDC6F916-290A-4728-B015-E3E2FBFAD5D5}.Release|x86.ActiveCfg = Release|Any CPU
		{DDC6F916-290A-4728-B015-E3E2FBFAD5D5}.Release|x86.Build.0 = Release|Any CPU
	EndGlobalSection
	GlobalSection(SolutionProperties) = preSolution
		HideSolutionNode = FALSE
	EndGlobalSection
EndGlobal
